// !$*UTF8*$!
{
	archiveVersion = 1;
	classes = {
	};
	objectVersion = 46;
	objects = {

/* Begin PBXBuildFile section */
		6091986B19FA55190060D29B /* main.m in Sources */ = {isa = PBXBuildFile; fileRef = 6091986A19FA55190060D29B /* main.m */; };
		6091986E19FA55190060D29B /* AppDelegate.m in Sources */ = {isa = PBXBuildFile; fileRef = 6091986D19FA55190060D29B /* AppDelegate.m */; };
		6091987119FA55190060D29B /* MasterViewController.m in Sources */ = {isa = PBXBuildFile; fileRef = 6091987019FA55190060D29B /* MasterViewController.m */; };
		6091987419FA55190060D29B /* DetailViewController.m in Sources */ = {isa = PBXBuildFile; fileRef = 6091987319FA55190060D29B /* DetailViewController.m */; };
		6091987719FA55190060D29B /* Main.storyboard in Resources */ = {isa = PBXBuildFile; fileRef = 6091987519FA55190060D29B /* Main.storyboard */; };
		6091987919FA55190060D29B /* Images.xcassets in Resources */ = {isa = PBXBuildFile; fileRef = 6091987819FA55190060D29B /* Images.xcassets */; };
		6091987C19FA55190060D29B /* LaunchScreen.xib in Resources */ = {isa = PBXBuildFile; fileRef = 6091987A19FA55190060D29B /* LaunchScreen.xib */; };
		6091988819FA55190060D29B /* CZCFirstClassTests.m in Sources */ = {isa = PBXBuildFile; fileRef = 6091988719FA55190060D29B /* CZCFirstClassTests.m */; };
/* End PBXBuildFile section */

/* Begin PBXContainerItemProxy section */
		6091988219FA55190060D29B /* PBXContainerItemProxy */ = {
			isa = PBXContainerItemProxy;
			containerPortal = 6091985D19FA55190060D29B /* Project object */;
			proxyType = 1;
			remoteGlobalIDString = 6091986419FA55190060D29B;
			remoteInfo = CZCFirstClass;
		};
/* End PBXContainerItemProxy section */

/* Begin PBXFileReference section */
		6091986519FA55190060D29B /* CZCFirstClass.app */ = {isa = PBXFileReference; explicitFileType = wrapper.application; includeInIndex = 0; path = CZCFirstClass.app; sourceTree = BUILT_PRODUCTS_DIR; };
		6091986919FA55190060D29B /* Info.plist */ = {isa = PBXFileReference; lastKnownFileType = text.plist.xml; path = Info.plist; sourceTree = "<group>"; };
		6091986A19FA55190060D29B /* main.m */ = {isa = PBXFileReference; lastKnownFileType = sourcecode.c.objc; path = main.m; sourceTree = "<group>"; };
		6091986C19FA55190060D29B /* AppDelegate.h */ = {isa = PBXFileReference; lastKnownFileType = sourcecode.c.h; path = AppDelegate.h; sourceTree = "<group>"; };
		6091986D19FA55190060D29B /* AppDelegate.m */ = {isa = PBXFileReference; lastKnownFileType = sourcecode.c.objc; path = AppDelegate.m; sourceTree = "<group>"; };
		6091986F19FA55190060D29B /* MasterViewController.h */ = {isa = PBXFileReference; lastKnownFileType = sourcecode.c.h; path = MasterViewController.h; sourceTree = "<group>"; };
		6091987019FA55190060D29B /* MasterViewController.m */ = {isa = PBXFileReference; lastKnownFileType = sourcecode.c.objc; path = MasterViewController.m; sourceTree = "<group>"; };
		6091987219FA55190060D29B /* DetailViewController.h */ = {isa = PBXFileReference; lastKnownFileType = sourcecode.c.h; path = DetailViewController.h; sourceTree = "<group>"; };
		6091987319FA55190060D29B /* DetailViewController.m */ = {isa = PBXFileReference; lastKnownFileType = sourcecode.c.objc; path = DetailViewController.m; sourceTree = "<group>"; };
		6091987619FA55190060D29B /* Base */ = {isa = PBXFileReference; lastKnownFileType = file.storyboard; name = Base; path = Base.lproj/Main.storyboard; sourceTree = "<group>"; };
		6091987819FA55190060D29B /* Images.xcassets */ = {isa = PBXFileReference; lastKnownFileType = folder.assetcatalog; path = Images.xcassets; sourceTree = "<group>"; };
		6091987B19FA55190060D29B /* Base */ = {isa = PBXFileReference; lastKnownFileType = file.xib; name = Base; path = Base.lproj/LaunchScreen.xib; sourceTree = "<group>"; };
		6091988119FA55190060D29B /* CZCFirstClassTests.xctest */ = {isa = PBXFileReference; explicitFileType = wrapper.cfbundle; includeInIndex = 0; path = CZCFirstClassTests.xctest; sourceTree = BUILT_PRODUCTS_DIR; };
		6091988619FA55190060D29B /* Info.plist */ = {isa = PBXFileReference; lastKnownFileType = text.plist.xml; path = Info.plist; sourceTree = "<group>"; };
		6091988719FA55190060D29B /* CZCFirstClassTests.m */ = {isa = PBXFileReference; lastKnownFileType = sourcecode.c.objc; path = CZCFirstClassTests.m; sourceTree = "<group>"; };
/* End PBXFileReference section */

/* Begin PBXFrameworksBuildPhase section */
		6091986219FA55190060D29B /* Frameworks */ = {
			isa = PBXFrameworksBuildPhase;
			buildActionMask = 2147483647;
			files = (
			);
			runOnlyForDeploymentPostprocessing = 0;
		};
		6091987E19FA55190060D29B /* Frameworks */ = {
			isa = PBXFrameworksBuildPhase;
			buildActionMask = 2147483647;
			files = (
			);
			runOnlyForDeploymentPostprocessing = 0;
		};
/* End PBXFrameworksBuildPhase section */

/* Begin PBXGroup section */
		6091985C19FA55190060D29B = {
			isa = PBXGroup;
			children = (
				6091986719FA55190060D29B /* CZCFirstClass */,
				6091988419FA55190060D29B /* CZCFirstClassTests */,
				6091986619FA55190060D29B /* Products */,
			);
			sourceTree = "<group>";
		};
		6091986619FA55190060D29B /* Products */ = {
			isa = PBXGroup;
			children = (
				6091986519FA55190060D29B /* CZCFirstClass.app */,
				6091988119FA55190060D29B /* CZCFirstClassTests.xctest */,
			);
			name = Products;
			sourceTree = "<group>";
		};
		6091986719FA55190060D29B /* CZCFirstClass */ = {
			isa = PBXGroup;
			children = (
				6091986C19FA55190060D29B /* AppDelegate.h */,
				6091986D19FA55190060D29B /* AppDelegate.m */,
				6091986F19FA55190060D29B /* MasterViewController.h */,
				6091987019FA55190060D29B /* MasterViewController.m */,
				6091987219FA55190060D29B /* DetailViewController.h */,
				6091987319FA55190060D29B /* DetailViewController.m */,
				6091987519FA55190060D29B /* Main.storyboard */,
				6091987819FA55190060D29B /* Images.xcassets */,
				6091987A19FA55190060D29B /* LaunchScreen.xib */,
				6091986819FA55190060D29B /* Supporting Files */,
			);
			path = CZCFirstClass;
			sourceTree = "<group>";
		};
		6091986819FA55190060D29B /* Supporting Files */ = {
			isa = PBXGroup;
			children = (
				6091986919FA55190060D29B /* Info.plist */,
				6091986A19FA55190060D29B /* main.m */,
			);
			name = "Supporting Files";
			sourceTree = "<group>";
		};
		6091988419FA55190060D29B /* CZCFirstClassTests */ = {
			isa = PBXGroup;
			children = (
				6091988719FA55190060D29B /* CZCFirstClassTests.m */,
				6091988519FA55190060D29B /* Supporting Files */,
			);
			path = CZCFirstClassTests;
			sourceTree = "<group>";
		};
		6091988519FA55190060D29B /* Supporting Files */ = {
			isa = PBXGroup;
			children = (
				6091988619FA55190060D29B /* Info.plist */,
			);
			name = "Supporting Files";
			sourceTree = "<group>";
		};
/* End PBXGroup section */

/* Begin PBXNativeTarget section */
		6091986419FA55190060D29B /* CZCFirstClass */ = {
			isa = PBXNativeTarget;
			buildConfigurationList = 6091988B19FA55190060D29B /* Build configuration list for PBXNativeTarget "CZCFirstClass" */;
			buildPhases = (
				6091986119FA55190060D29B /* Sources */,
				6091986219FA55190060D29B /* Frameworks */,
				6091986319FA55190060D29B /* Resources */,
			);
			buildRules = (
			);
			dependencies = (
			);
			name = CZCFirstClass;
			productName = CZCFirstClass;
			productReference = 6091986519FA55190060D29B /* CZCFirstClass.app */;
			productType = "com.apple.product-type.application";
		};
		6091988019FA55190060D29B /* CZCFirstClassTests */ = {
			isa = PBXNativeTarget;
			buildConfigurationList = 6091988E19FA55190060D29B /* Build configuration list for PBXNativeTarget "CZCFirstClassTests" */;
			buildPhases = (
				6091987D19FA55190060D29B /* Sources */,
				6091987E19FA55190060D29B /* Frameworks */,
				6091987F19FA55190060D29B /* Resources */,
			);
			buildRules = (
			);
			dependencies = (
				6091988319FA55190060D29B /* PBXTargetDependency */,
			);
			name = CZCFirstClassTests;
			productName = CZCFirstClassTests;
			productReference = 6091988119FA55190060D29B /* CZCFirstClassTests.xctest */;
			productType = "com.apple.product-type.bundle.unit-test";
		};
/* End PBXNativeTarget section */

/* Begin PBXProject section */
		6091985D19FA55190060D29B /* Project object */ = {
			isa = PBXProject;
			attributes = {
				LastUpgradeCheck = 0610;
				ORGANIZATIONNAME = lvmaque_czc;
				TargetAttributes = {
					6091986419FA55190060D29B = {
						CreatedOnToolsVersion = 6.1;
					};
					6091988019FA55190060D29B = {
						CreatedOnToolsVersion = 6.1;
						TestTargetID = 6091986419FA55190060D29B;
					};
				};
			};
			buildConfigurationList = 6091986019FA55190060D29B /* Build configuration list for PBXProject "CZCFirstClass" */;
			compatibilityVersion = "Xcode 3.2";
			developmentRegion = English;
			hasScannedForEncodings = 0;
			knownRegions = (
				en,
				Base,
			);
			mainGroup = 6091985C19FA55190060D29B;
			productRefGroup = 6091986619FA55190060D29B /* Products */;
			projectDirPath = "";
			projectRoot = "";
			targets = (
				6091986419FA55190060D29B /* CZCFirstClass */,
				6091988019FA55190060D29B /* CZCFirstClassTests */,
			);
		};
/* End PBXProject section */

/* Begin PBXResourcesBuildPhase section */
		6091986319FA55190060D29B /* Resources */ = {
			isa = PBXResourcesBuildPhase;
			buildActionMask = 2147483647;
			files = (
				6091987719FA55190060D29B /* Main.storyboard in Resources */,
				6091987C19FA55190060D29B /* LaunchScreen.xib in Resources */,
				6091987919FA55190060D29B /* Images.xcassets in Resources */,
			);
			runOnlyForDeploymentPostprocessing = 0;
		};
		6091987F19FA55190060D29B /* Resources */ = {
			isa = PBXResourcesBuildPhase;
			buildActionMask = 2147483647;
			files = (
			);
			runOnlyForDeploymentPostprocessing = 0;
		};
/* End PBXResourcesBuildPhase section */

/* Begin PBXSourcesBuildPhase section */
		6091986119FA55190060D29B /* Sources */ = {
			isa = PBXSourcesBuildPhase;
			buildActionMask = 2147483647;
			files = (
				6091986E19FA55190060D29B /* AppDelegate.m in Sources */,
				6091987119FA55190060D29B /* MasterViewController.m in Sources */,
				6091986B19FA55190060D29B /* main.m in Sources */,
				6091987419FA55190060D29B /* DetailViewController.m in Sources */,
			);
			runOnlyForDeploymentPostprocessing = 0;
		};
		6091987D19FA55190060D29B /* Sources */ = {
			isa = PBXSourcesBuildPhase;
			buildActionMask = 2147483647;
			files = (
				6091988819FA55190060D29B /* CZCFirstClassTests.m in Sources */,
			);
			runOnlyForDeploymentPostprocessing = 0;
		};
/* End PBXSourcesBuildPhase section */

/* Begin PBXTargetDependency section */
		6091988319FA55190060D29B /* PBXTargetDependency */ = {
			isa = PBXTargetDependency;
			target = 6091986419FA55190060D29B /* CZCFirstClass */;
			targetProxy = 6091988219FA55190060D29B /* PBXContainerItemProxy */;
		};
/* End PBXTargetDependency section */

/* Begin PBXVariantGroup section */
		6091987519FA55190060D29B /* Main.storyboard */ = {
			isa = PBXVariantGroup;
			children = (
				6091987619FA55190060D29B /* Base */,
			);
			name = Main.storyboard;
			sourceTree = "<group>";
		};
		6091987A19FA55190060D29B /* LaunchScreen.xib */ = {
			isa = PBXVariantGroup;
			children = (
				6091987B19FA55190060D29B /* Base */,
			);
			name = LaunchScreen.xib;
			sourceTree = "<group>";
		};
/* End PBXVariantGroup section */

/* Begin XCBuildConfiguration section */
		6091988919FA55190060D29B /* Debug */ = {
			isa = XCBuildConfiguration;
			buildSettings = {
				ALWAYS_SEARCH_USER_PATHS = NO;
				CLANG_CXX_LANGUAGE_STANDARD = "gnu++0x";
				CLANG_CXX_LIBRARY = "libc++";
				CLANG_ENABLE_MODULES = YES;
				CLANG_ENABLE_OBJC_ARC = YES;
				CLANG_WARN_BOOL_CONVERSION = YES;
				CLANG_WARN_CONSTANT_CONVERSION = YES;
				CLANG_WARN_DIRECT_OBJC_ISA_USAGE = YES_ERROR;
				CLANG_WARN_EMPTY_BODY = YES;
				CLANG_WARN_ENUM_CONVERSION = YES;
				CLANG_WARN_INT_CONVERSION = YES;
				CLANG_WARN_OBJC_ROOT_CLASS = YES_ERROR;
				CLANG_WARN_UNREACHABLE_CODE = YES;
				CLANG_WARN__DUPLICATE_METHOD_MATCH = YES;
				"CODE_SIGN_IDENTITY[sdk=iphoneos*]" = "iPhone Developer";
				COPY_PHASE_STRIP = NO;
				ENABLE_STRICT_OBJC_MSGSEND = YES;
				GCC_C_LANGUAGE_STANDARD = gnu99;
				GCC_DYNAMIC_NO_PIC = NO;
				GCC_OPTIMIZATION_LEVEL = 0;
				GCC_PREPROCESSOR_DEFINITIONS = (
					"DEBUG=1",
					"$(inherited)",
				);
				GCC_SYMBOLS_PRIVATE_EXTERN = NO;
				GCC_WARN_64_TO_32_BIT_CONVERSION = YES;
				GCC_WARN_ABOUT_RETURN_TYPE = YES_ERROR;
				GCC_WARN_UNDECLARED_SELECTOR = YES;
				GCC_WARN_UNINITIALIZED_AUTOS = YES_AGGRESSIVE;
				GCC_WARN_UNUSED_FUNCTION = YES;
				GCC_WARN_UNUSED_VARIABLE = YES;
				IPHONEOS_DEPLOYMENT_TARGET = 8.1;
				MTL_ENABLE_DEBUG_INFO = YES;
				ONLY_ACTIVE_ARCH = YES;
				SDKROOT = iphoneos;
				TARGETED_DEVICE_FAMILY = "1,2";
			};
			name = Debug;
		};
		6091988A19FA55190060D29B /* Release */ = {
			isa = XCBuildConfiguration;
			buildSettings = {
				ALWAYS_SEARCH_USER_PATHS = NO;
				CLANG_CXX_LANGUAGE_STANDARD = "gnu++0x";
				CLANG_CXX_LIBRARY = "libc++";
				CLANG_ENABLE_MODULES = YES;
				CLANG_ENABLE_OBJC_ARC = YES;
				CLANG_WARN_BOOL_CONVERSION = YES;
				CLANG_WARN_CONSTANT_CONVERSION = YES;
				CLANG_WARN_DIRECT_OBJC_ISA_USAGE = YES_ERROR;
				CLANG_WARN_EMPTY_BODY = YES;
				CLANG_WARN_ENUM_CONVERSION = YES;
				CLANG_WARN_INT_CONVERSION = YES;
				CLANG_WARN_OBJC_ROOT_CLASS = YES_ERROR;
				CLANG_WARN_UNREACHABLE_CODE = YES;
				CLANG_WARN__DUPLICATE_METHOD_MATCH = YES;
				"CODE_SIGN_IDENTITY[sdk=iphoneos*]" = "iPhone Developer";
				COPY_PHASE_STRIP = YES;
				ENABLE_NS_ASSERTIONS = NO;
				ENABLE_STRICT_OBJC_MSGSEND = YES;
				GCC_C_LANGUAGE_STANDARD = gnu99;
				GCC_WARN_64_TO_32_BIT_CONVERSION = YES;
				GCC_WARN_ABOUT_RETURN_TYPE = YES_ERROR;
				GCC_WARN_UNDECLARED_SELECTOR = YES;
				GCC_WARN_UNINITIALIZED_AUTOS = YES_AGGRESSIVE;
				GCC_WARN_UNUSED_FUNCTION = YES;
				GCC_WARN_UNUSED_VARIABLE = YES;
				IPHONEOS_DEPLOYMENT_TARGET = 8.1;
				MTL_ENABLE_DEBUG_INFO = NO;
				SDKROOT = iphoneos;
				TARGETED_DEVICE_FAMILY = "1,2";
				VALIDATE_PRODUCT = YES;
			};
			name = Release;
		};
		6091988C19FA55190060D29B /* Debug */ = {
			isa = XCBuildConfiguration;
			buildSettings = {
				ASSETCATALOG_COMPILER_APPICON_NAME = AppIcon;
				INFOPLIST_FILE = CZCFirstClass/Info.plist;
				LD_RUNPATH_SEARCH_PATHS = "$(inherited) @executable_path/Frameworks";
				PRODUCT_NAME = "$(TARGET_NAME)";
			};
			name = Debug;
		};
		6091988D19FA55190060D29B /* Release */ = {
			isa = XCBuildConfiguration;
			buildSettings = {
				ASSETCATALOG_COMPILER_APPICON_NAME = AppIcon;
				INFOPLIST_FILE = CZCFirstClass/Info.plist;
				LD_RUNPATH_SEARCH_PATHS = "$(inherited) @executable_path/Frameworks";
				PRODUCT_NAME = "$(TARGET_NAME)";
			};
			name = Release;
		};
		6091988F19FA55190060D29B /* Debug */ = {
			isa = XCBuildConfiguration;
			buildSettings = {
				BUNDLE_LOADER = "$(TEST_HOST)";
				FRAMEWORK_SEARCH_PATHS = (
					"$(SDKROOT)/Developer/Library/Frameworks",
					"$(inherited)",
				);
				GCC_PREPROCESSOR_DEFINITIONS = (
					"DEBUG=1",
					"$(inherited)",
				);
				INFOPLIST_FILE = CZCFirstClassTests/Info.plist;
				LD_RUNPATH_SEARCH_PATHS = "$(inherited) @executable_path/Frameworks @loader_path/Frameworks";
				PRODUCT_NAME = "$(TARGET_NAME)";
				TEST_HOST = "$(BUILT_PRODUCTS_DIR)/CZCFirstClass.app/CZCFirstClass";
			};
			name = Debug;
		};
		6091989019FA55190060D29B /* Release */ = {
			isa = XCBuildConfiguration;
			buildSettings = {
				BUNDLE_LOADER = "$(TEST_HOST)";
				FRAMEWORK_SEARCH_PATHS = (
					"$(SDKROOT)/Developer/Library/Frameworks",
					"$(inherited)",
				);
				INFOPLIST_FILE = CZCFirstClassTests/Info.plist;
				LD_RUNPATH_SEARCH_PATHS = "$(inherited) @executable_path/Frameworks @loader_path/Frameworks";
				PRODUCT_NAME = "$(TARGET_NAME)";
				TEST_HOST = "$(BUILT_PRODUCTS_DIR)/CZCFirstClass.app/CZCFirstClass";
			};
			name = Release;
		};
/* End XCBuildConfiguration section */

/* Begin XCConfigurationList section */
		6091986019FA55190060D29B /* Build configuration list for PBXProject "CZCFirstClass" */ = {
			isa = XCConfigurationList;
			buildConfigurations = (
				6091988919FA55190060D29B /* Debug */,
				6091988A19FA55190060D29B /* Release */,
			);
			defaultConfigurationIsVisible = 0;
			defaultConfigurationName = Release;
		};
		6091988B19FA55190060D29B /* Build configuration list for PBXNativeTarget "CZCFirstClass" */ = {
			isa = XCConfigurationList;
			buildConfigurations = (
				6091988C19FA55190060D29B /* Debug */,
				6091988D19FA55190060D29B /* Release */,
			);
			defaultConfigurationIsVisible = 0;
		};
		6091988E19FA55190060D29B /* Build configuration list for PBXNativeTarget "CZCFirstClassTests" */ = {
			isa = XCConfigurationList;
			buildConfigurations = (
				6091988F19FA55190060D29B /* Debug */,
				6091989019FA55190060D29B /* Release */,
			);
			defaultConfigurationIsVisible = 0;
		};
/* End XCConfigurationList section */
	};
	rootObject = 6091985D19FA55190060D29B /* Project object */;
}
